
Microsoft Visual Studio Solution File, Format Version 12.00
# Visual Studio Version 16
VisualStudioVersion = 16.0.30114.105
MinimumVisualStudioVersion = 10.0.40219.1
Project("{9A19103F-16F7-4668-BE54-9A1E7A4F7556}") = "SongsinkBL", "SongsinkBL\SongsinkBL.csproj", "{1A783FAF-877E-400A-9106-31F948C1D4A0}"
EndProject
Project("{9A19103F-16F7-4668-BE54-9A1E7A4F7556}") = "SongsinkDL", "SongsinkDL\SongsinkDL.csproj", "{D6F953A5-FC6D-4C31-AB11-73000D62A1E5}"
EndProject
Project("{9A19103F-16F7-4668-BE54-9A1E7A4F7556}") = "SIModel", "SongsinkModel\SIModel.csproj", "{51F336B3-3699-439D-A0FC-3A312F147EF3}"
EndProject
Project("{9A19103F-16F7-4668-BE54-9A1E7A4F7556}") = "SonsinkTests", "SonsinkTests\SonsinkTests.csproj", "{15CC47B0-822A-49AB-B19B-5317D9338234}"
EndProject
Project("{FAE04EC0-301F-11D3-BF4B-00C04F79EFBC}") = "SongsinkWebAPI", "WebAPI\SongsinkWebAPI.csproj", "{B49D961C-69E3-4C64-A7DE-D5A940CBA362}"
EndProject
Global
	GlobalSection(SolutionConfigurationPlatforms) = preSolution
		Debug|Any CPU = Debug|Any CPU
		Debug|x64 = Debug|x64
		Debug|x86 = Debug|x86
		Release|Any CPU = Release|Any CPU
		Release|x64 = Release|x64
		Release|x86 = Release|x86
	EndGlobalSection
	GlobalSection(ProjectConfigurationPlatforms) = postSolution
		{1A783FAF-877E-400A-9106-31F948C1D4A0}.Debug|Any CPU.ActiveCfg = Debug|Any CPU
		{1A783FAF-877E-400A-9106-31F948C1D4A0}.Debug|Any CPU.Build.0 = Debug|Any CPU
		{1A783FAF-877E-400A-9106-31F948C1D4A0}.Debug|x64.ActiveCfg = Debug|Any CPU
		{1A783FAF-877E-400A-9106-31F948C1D4A0}.Debug|x64.Build.0 = Debug|Any CPU
		{1A783FAF-877E-400A-9106-31F948C1D4A0}.Debug|x86.ActiveCfg = Debug|Any CPU
		{1A783FAF-877E-400A-9106-31F948C1D4A0}.Debug|x86.Build.0 = Debug|Any CPU
		{1A783FAF-877E-400A-9106-31F948C1D4A0}.Release|Any CPU.ActiveCfg = Release|Any CPU
		{1A783FAF-877E-400A-9106-31F948C1D4A0}.Release|Any CPU.Build.0 = Release|Any CPU
		{1A783FAF-877E-400A-9106-31F948C1D4A0}.Release|x64.ActiveCfg = Release|Any CPU
		{1A783FAF-877E-400A-9106-31F948C1D4A0}.Release|x64.Build.0 = Release|Any CPU
		{1A783FAF-877E-400A-9106-31F948C1D4A0}.Release|x86.ActiveCfg = Release|Any CPU
		{1A783FAF-877E-400A-9106-31F948C1D4A0}.Release|x86.Build.0 = Release|Any CPU
		{D6F953A5-FC6D-4C31-AB11-73000D62A1E5}.Debug|Any CPU.ActiveCfg = Debug|Any CPU
		{D6F953A5-FC6D-4C31-AB11-73000D62A1E5}.Debug|Any CPU.Build.0 = Debug|Any CPU
		{D6F953A5-FC6D-4C31-AB11-73000D62A1E5}.Debug|x64.ActiveCfg = Debug|Any CPU
		{D6F953A5-FC6D-4C31-AB11-73000D62A1E5}.Debug|x64.Build.0 = Debug|Any CPU
		{D6F953A5-FC6D-4C31-AB11-73000D62A1E5}.Debug|x86.ActiveCfg = Debug|Any CPU
		{D6F953A5-FC6D-4C31-AB11-73000D62A1E5}.Debug|x86.Build.0 = Debug|Any CPU
		{D6F953A5-FC6D-4C31-AB11-73000D62A1E5}.Release|Any CPU.ActiveCfg = Release|Any CPU
		{D6F953A5-FC6D-4C31-AB11-73000D62A1E5}.Release|Any CPU.Build.0 = Release|Any CPU
		{D6F953A5-FC6D-4C31-AB11-73000D62A1E5}.Release|x64.ActiveCfg = Release|Any CPU
		{D6F953A5-FC6D-4C31-AB11-73000D62A1E5}.Release|x64.Build.0 = Release|Any CPU
		{D6F953A5-FC6D-4C31-AB11-73000D62A1E5}.Release|x86.ActiveCfg = Release|Any CPU
		{D6F953A5-FC6D-4C31-AB11-73000D62A1E5}.Release|x86.Build.0 = Release|Any CPU
		{51F336B3-3699-439D-A0FC-3A312F147EF3}.Debug|Any CPU.ActiveCfg = Debug|Any CPU
		{51F336B3-3699-439D-A0FC-3A312F147EF3}.Debug|Any CPU.Build.0 = Debug|Any CPU
		{51F336B3-3699-439D-A0FC-3A312F147EF3}.Debug|x64.ActiveCfg = Debug|Any CPU
		{51F336B3-3699-439D-A0FC-3A312F147EF3}.Debug|x64.Build.0 = Debug|Any CPU
		{51F336B3-3699-439D-A0FC-3A312F147EF3}.Debug|x86.ActiveCfg = Debug|Any CPU
		{51F336B3-3699-439D-A0FC-3A312F147EF3}.Debug|x86.Build.0 = Debug|Any CPU
		{51F336B3-3699-439D-A0FC-3A312F147EF3}.Release|Any CPU.ActiveCfg = Release|Any CPU
		{51F336B3-3699-439D-A0FC-3A312F147EF3}.Release|Any CPU.Build.0 = Release|Any CPU
		{51F336B3-3699-439D-A0FC-3A312F147EF3}.Release|x64.ActiveCfg = Release|Any CPU
		{51F336B3-3699-439D-A0FC-3A312F147EF3}.Release|x64.Build.0 = Release|Any CPU
		{51F336B3-3699-439D-A0FC-3A312F147EF3}.Release|x86.ActiveCfg = Release|Any CPU
		{51F336B3-3699-439D-A0FC-3A312F147EF3}.Release|x86.Build.0 = Release|Any CPU
		{15CC47B0-822A-49AB-B19B-5317D9338234}.Debug|Any CPU.ActiveCfg = Debug|Any CPU
		{15CC47B0-822A-49AB-B19B-5317D9338234}.Debug|Any CPU.Build.0 = Debug|Any CPU
		{15CC47B0-822A-49AB-B19B-5317D9338234}.Debug|x64.ActiveCfg = Debug|Any CPU
		{15CC47B0-822A-49AB-B19B-5317D9338234}.Debug|x64.Build.0 = Debug|Any CPU
		{15CC47B0-822A-49AB-B19B-5317D9338234}.Debug|x86.ActiveCfg = Debug|Any CPU
		{15CC47B0-822A-49AB-B19B-5317D9338234}.Debug|x86.Build.0 = Debug|Any CPU
		{15CC47B0-822A-49AB-B19B-5317D9338234}.Release|Any CPU.ActiveCfg = Release|Any CPU
		{15CC47B0-822A-49AB-B19B-5317D9338234}.Release|Any CPU.Build.0 = Release|Any CPU
		{15CC47B0-822A-49AB-B19B-5317D9338234}.Release|x64.ActiveCfg = Release|Any CPU
		{15CC47B0-822A-49AB-B19B-5317D9338234}.Release|x64.Build.0 = Release|Any CPU
		{15CC47B0-822A-49AB-B19B-5317D9338234}.Release|x86.ActiveCfg = Release|Any CPU
		{15CC47B0-822A-49AB-B19B-5317D9338234}.Release|x86.Build.0 = Release|Any CPU
		{B49D961C-69E3-4C64-A7DE-D5A940CBA362}.Debug|Any CPU.ActiveCfg = Debug|Any CPU
		{B49D961C-69E3-4C64-A7DE-D5A940CBA362}.Debug|Any CPU.Build.0 = Debug|Any CPU
		{B49D961C-69E3-4C64-A7DE-D5A940CBA362}.Debug|x64.ActiveCfg = Debug|Any CPU
		{B49D961C-69E3-4C64-A7DE-D5A940CBA362}.Debug|x64.Build.0 = Debug|Any CPU
		{B49D961C-69E3-4C64-A7DE-D5A940CBA362}.Debug|x86.ActiveCfg = Debug|Any CPU
		{B49D961C-69E3-4C64-A7DE-D5A940CBA362}.Debug|x86.Build.0 = Debug|Any CPU
		{B49D961C-69E3-4C64-A7DE-D5A940CBA362}.Release|Any CPU.ActiveCfg = Release|Any CPU
		{B49D961C-69E3-4C64-A7DE-D5A940CBA362}.Release|Any CPU.Build.0 = Release|Any CPU
		{B49D961C-69E3-4C64-A7DE-D5A940CBA362}.Release|x64.ActiveCfg = Release|Any CPU
		{B49D961C-69E3-4C64-A7DE-D5A940CBA362}.Release|x64.Build.0 = Release|Any CPU
		{B49D961C-69E3-4C64-A7DE-D5A940CBA362}.Release|x86.ActiveCfg = Release|Any CPU
		{B49D961C-69E3-4C64-A7DE-D5A940CBA362}.Release|x86.Build.0 = Release|Any CPU
	EndGlobalSection
	GlobalSection(SolutionProperties) = preSolution
		HideSolutionNode = FALSE
	EndGlobalSection
	GlobalSection(ExtensibilityGlobals) = postSolution
		SolutionGuid = {7916B6CA-C608-4A81-8926-2E29DE945EEF}
	EndGlobalSection
EndGlobal
